# THIS IS AN AUTOGENERATED FILE. DO NOT EDIT THIS FILE DIRECTLY.
# yarn lockfile v1


lib@^5.0.1:
  version "5.0.1"
  resolved "https://registry.yarnpkg.com/lib/-/lib-5.0.1.tgz#26d86b99b5a973a754a205632eebf16ab06e83b3"
  integrity sha512-4Mqauzg2j7F0n7Qy9acFuAUeyYa+TGy6kjTCxzxX1HiHxzQkqw49eDWiK4Zmr023GG/6Yq5DZi15kQDhdO3BVg==
